
Microsoft Visual Studio Solution File, Format Version 12.00
# Visual Studio Version 17
VisualStudioVersion = 17.6.33723.286
MinimumVisualStudioVersion = 10.0.40219.1
Project("{FAE04EC0-301F-11D3-BF4B-00C04F79EFBC}") = "CliniqonProject", "CliniqonProject.csproj", "{AAF9C659-75A8-4A09-9DD5-C7BAFC3F27EE}"
EndProject
Global
	GlobalSection(SolutionConfigurationPlatforms) = preSolution
		Debug|Any CPU = Debug|Any CPU
		Release|Any CPU = Release|Any CPU
	EndGlobalSection
	GlobalSection(ProjectConfigurationPlatforms) = postSolution
		{AAF9C659-75A8-4A09-9DD5-C7BAFC3F27EE}.Debug|Any CPU.ActiveCfg = Debug|Any CPU
		{AAF9C659-75A8-4A09-9DD5-C7BAFC3F27EE}.Debug|Any CPU.Build.0 = Debug|Any CPU
		{AAF9C659-75A8-4A09-9DD5-C7BAFC3F27EE}.Release|Any CPU.ActiveCfg = Release|Any CPU
		{AAF9C659-75A8-4A09-9DD5-C7BAFC3F27EE}.Release|Any CPU.Build.0 = Release|Any CPU
	EndGlobalSection
	GlobalSection(SolutionProperties) = preSolution
		HideSolutionNode = FALSE
	EndGlobalSection
	GlobalSection(ExtensibilityGlobals) = postSolution
		SolutionGuid = {80AA3B4E-1620-48B3-9CEA-31EF0B90821B}
	EndGlobalSection
EndGlobal
